// !$*UTF8*$!
{
	archiveVersion = 1;
	classes = {
	};
	objectVersion = 46;
	objects = {

/* Begin PBXBuildFile section */
		D95820B419F3163F006B6D08 /* AppDelegate.swift in Sources */ = {isa = PBXBuildFile; fileRef = D95820B319F3163F006B6D08 /* AppDelegate.swift */; };
		D95820B619F3163F006B6D08 /* ViewController.swift in Sources */ = {isa = PBXBuildFile; fileRef = D95820B519F3163F006B6D08 /* ViewController.swift */; };
		D95820B819F3163F006B6D08 /* Images.xcassets in Resources */ = {isa = PBXBuildFile; fileRef = D95820B719F3163F006B6D08 /* Images.xcassets */; };
		D95820BB19F3163F006B6D08 /* Main.storyboard in Resources */ = {isa = PBXBuildFile; fileRef = D95820B919F3163F006B6D08 /* Main.storyboard */; };
		D9732E361B1194A000C093B3 /* Utils.swift in Sources */ = {isa = PBXBuildFile; fileRef = D9732E351B1194A000C093B3 /* Utils.swift */; };
/* End PBXBuildFile section */

/* Begin PBXFileReference section */
		D95820AE19F3163E006B6D08 /* Service Oragnizer.app */ = {isa = PBXFileReference; explicitFileType = wrapper.application; includeInIndex = 0; path = "Service Oragnizer.app"; sourceTree = BUILT_PRODUCTS_DIR; };
		D95820B219F3163F006B6D08 /* Info.plist */ = {isa = PBXFileReference; lastKnownFileType = text.plist.xml; path = Info.plist; sourceTree = "<group>"; };
		D95820B319F3163F006B6D08 /* AppDelegate.swift */ = {isa = PBXFileReference; lastKnownFileType = sourcecode.swift; path = AppDelegate.swift; sourceTree = "<group>"; };
		D95820B519F3163F006B6D08 /* ViewController.swift */ = {isa = PBXFileReference; lastKnownFileType = sourcecode.swift; path = ViewController.swift; sourceTree = "<group>"; };
		D95820B719F3163F006B6D08 /* Images.xcassets */ = {isa = PBXFileReference; lastKnownFileType = folder.assetcatalog; path = Images.xcassets; sourceTree = "<group>"; };
		D95820BA19F3163F006B6D08 /* Base */ = {isa = PBXFileReference; lastKnownFileType = file.storyboard; name = Base; path = Base.lproj/Main.storyboard; sourceTree = "<group>"; };
		D9732E351B1194A000C093B3 /* Utils.swift */ = {isa = PBXFileReference; fileEncoding = 4; lastKnownFileType = sourcecode.swift; path = Utils.swift; sourceTree = "<group>"; };
/* End PBXFileReference section */

/* Begin PBXFrameworksBuildPhase section */
		D95820AB19F3163E006B6D08 /* Frameworks */ = {
			isa = PBXFrameworksBuildPhase;
			buildActionMask = 2147483647;
			files = (
			);
			runOnlyForDeploymentPostprocessing = 0;
		};
/* End PBXFrameworksBuildPhase section */

/* Begin PBXGroup section */
		D95820A519F3163E006B6D08 = {
			isa = PBXGroup;
			children = (
				D95820B019F3163E006B6D08 /* Service Oranizer */,
				D95820AF19F3163E006B6D08 /* Products */,
			);
			sourceTree = "<group>";
		};
		D95820AF19F3163E006B6D08 /* Products */ = {
			isa = PBXGroup;
			children = (
				D95820AE19F3163E006B6D08 /* Service Oragnizer.app */,
			);
			name = Products;
			sourceTree = "<group>";
		};
		D95820B019F3163E006B6D08 /* Service Oranizer */ = {
			isa = PBXGroup;
			children = (
				D95820B319F3163F006B6D08 /* AppDelegate.swift */,
				D95820B519F3163F006B6D08 /* ViewController.swift */,
				D9732E351B1194A000C093B3 /* Utils.swift */,
				D95820B719F3163F006B6D08 /* Images.xcassets */,
				D95820B919F3163F006B6D08 /* Main.storyboard */,
				D95820B119F3163F006B6D08 /* Supporting Files */,
			);
			name = "Service Oranizer";
			path = "Service Oragnizer";
			sourceTree = "<group>";
		};
		D95820B119F3163F006B6D08 /* Supporting Files */ = {
			isa = PBXGroup;
			children = (
				D95820B219F3163F006B6D08 /* Info.plist */,
			);
			name = "Supporting Files";
			sourceTree = "<group>";
		};
/* End PBXGroup section */

/* Begin PBXNativeTarget section */
		D95820AD19F3163E006B6D08 /* Service Oragnizer */ = {
			isa = PBXNativeTarget;
			buildConfigurationList = D95820CA19F3163F006B6D08 /* Build configuration list for PBXNativeTarget "Service Oragnizer" */;
			buildPhases = (
				D95820AA19F3163E006B6D08 /* Sources */,
				D95820AB19F3163E006B6D08 /* Frameworks */,
				D95820AC19F3163E006B6D08 /* Resources */,
			);
			buildRules = (
			);
			dependencies = (
			);
			name = "Service Oragnizer";
			productName = Test;
			productReference = D95820AE19F3163E006B6D08 /* Service Oragnizer.app */;
			productType = "com.apple.product-type.application";
		};
/* End PBXNativeTarget section */

/* Begin PBXProject section */
		D95820A619F3163E006B6D08 /* Project object */ = {
			isa = PBXProject;
			attributes = {
				LastUpgradeCheck = 0610;
				ORGANIZATIONNAME = "Austin Mayes";
				TargetAttributes = {
					D95820AD19F3163E006B6D08 = {
						CreatedOnToolsVersion = 6.1;
					};
				};
			};
			buildConfigurationList = D95820A919F3163E006B6D08 /* Build configuration list for PBXProject "Service Oragnizer" */;
			compatibilityVersion = "Xcode 3.2";
			developmentRegion = English;
			hasScannedForEncodings = 0;
			knownRegions = (
				en,
				Base,
			);
			mainGroup = D95820A519F3163E006B6D08;
			productRefGroup = D95820AF19F3163E006B6D08 /* Products */;
			projectDirPath = "";
			projectRoot = "";
			targets = (
				D95820AD19F3163E006B6D08 /* Service Oragnizer */,
			);
		};
/* End PBXProject section */

/* Begin PBXResourcesBuildPhase section */
		D95820AC19F3163E006B6D08 /* Resources */ = {
			isa = PBXResourcesBuildPhase;
			buildActionMask = 2147483647;
			files = (
				D95820B819F3163F006B6D08 /* Images.xcassets in Resources */,
				D95820BB19F3163F006B6D08 /* Main.storyboard in Resources */,
			);
			runOnlyForDeploymentPostprocessing = 0;
		};
/* End PBXResourcesBuildPhase section */

/* Begin PBXSourcesBuildPhase section */
		D95820AA19F3163E006B6D08 /* Sources */ = {
			isa = PBXSourcesBuildPhase;
			buildActionMask = 2147483647;
			files = (
				D95820B619F3163F006B6D08 /* ViewController.swift in Sources */,
				D95820B419F3163F006B6D08 /* AppDelegate.swift in Sources */,
				D9732E361B1194A000C093B3 /* Utils.swift in Sources */,
			);
			runOnlyForDeploymentPostprocessing = 0;
		};
/* End PBXSourcesBuildPhase section */

/* Begin PBXVariantGroup section */
		D95820B919F3163F006B6D08 /* Main.storyboard */ = {
			isa = PBXVariantGroup;
			children = (
				D95820BA19F3163F006B6D08 /* Base */,
			);
			name = Main.storyboard;
			sourceTree = "<group>";
		};
/* End PBXVariantGroup section */

/* Begin XCBuildConfiguration section */
		D95820C819F3163F006B6D08 /* Debug */ = {
			isa = XCBuildConfiguration;
			buildSettings = {
				ALWAYS_SEARCH_USER_PATHS = NO;
				CLANG_CXX_LANGUAGE_STANDARD = "gnu++0x";
				CLANG_CXX_LIBRARY = "libc++";
				CLANG_ENABLE_MODULES = YES;
				CLANG_ENABLE_OBJC_ARC = YES;
				CLANG_WARN_BOOL_CONVERSION = YES;
				CLANG_WARN_CONSTANT_CONVERSION = YES;
				CLANG_WARN_DIRECT_OBJC_ISA_USAGE = YES_ERROR;
				CLANG_WARN_EMPTY_BODY = YES;
				CLANG_WARN_ENUM_CONVERSION = YES;
				CLANG_WARN_INT_CONVERSION = YES;
				CLANG_WARN_OBJC_ROOT_CLASS = YES_ERROR;
				CLANG_WARN_UNREACHABLE_CODE = YES;
				CLANG_WARN__DUPLICATE_METHOD_MATCH = YES;
				CODE_SIGN_IDENTITY = "-";
				COPY_PHASE_STRIP = NO;
				ENABLE_STRICT_OBJC_MSGSEND = YES;
				GCC_C_LANGUAGE_STANDARD = gnu99;
				GCC_DYNAMIC_NO_PIC = NO;
				GCC_OPTIMIZATION_LEVEL = 0;
				GCC_PREPROCESSOR_DEFINITIONS = (
					"DEBUG=1",
					"$(inherited)",
				);
				GCC_SYMBOLS_PRIVATE_EXTERN = NO;
				GCC_WARN_64_TO_32_BIT_CONVERSION = YES;
				GCC_WARN_ABOUT_RETURN_TYPE = YES_ERROR;
				GCC_WARN_UNDECLARED_SELECTOR = YES;
				GCC_WARN_UNINITIALIZED_AUTOS = YES_AGGRESSIVE;
				GCC_WARN_UNUSED_FUNCTION = YES;
				GCC_WARN_UNUSED_VARIABLE = YES;
				MACOSX_DEPLOYMENT_TARGET = 10.10;
				MTL_ENABLE_DEBUG_INFO = YES;
				ONLY_ACTIVE_ARCH = YES;
				SDKROOT = macosx;
				SWIFT_OPTIMIZATION_LEVEL = "-Onone";
			};
			name = Debug;
		};
		D95820C919F3163F006B6D08 /* Release */ = {
			isa = XCBuildConfiguration;
			buildSettings = {
				ALWAYS_SEARCH_USER_PATHS = NO;
				CLANG_CXX_LANGUAGE_STANDARD = "gnu++0x";
				CLANG_CXX_LIBRARY = "libc++";
				CLANG_ENABLE_MODULES = YES;
				CLANG_ENABLE_OBJC_ARC = YES;
				CLANG_WARN_BOOL_CONVERSION = YES;
				CLANG_WARN_CONSTANT_CONVERSION = YES;
				CLANG_WARN_DIRECT_OBJC_ISA_USAGE = YES_ERROR;
				CLANG_WARN_EMPTY_BODY = YES;
				CLANG_WARN_ENUM_CONVERSION = YES;
				CLANG_WARN_INT_CONVERSION = YES;
				CLANG_WARN_OBJC_ROOT_CLASS = YES_ERROR;
				CLANG_WARN_UNREACHABLE_CODE = YES;
				CLANG_WARN__DUPLICATE_METHOD_MATCH = YES;
				CODE_SIGN_IDENTITY = "-";
				COPY_PHASE_STRIP = YES;
				DEBUG_INFORMATION_FORMAT = "dwarf-with-dsym";
				ENABLE_NS_ASSERTIONS = NO;
				ENABLE_STRICT_OBJC_MSGSEND = YES;
				GCC_C_LANGUAGE_STANDARD = gnu99;
				GCC_WARN_64_TO_32_BIT_CONVERSION = YES;
				GCC_WARN_ABOUT_RETURN_TYPE = YES_ERROR;
				GCC_WARN_UNDECLARED_SELECTOR = YES;
				GCC_WARN_UNINITIALIZED_AUTOS = YES_AGGRESSIVE;
				GCC_WARN_UNUSED_FUNCTION = YES;
				GCC_WARN_UNUSED_VARIABLE = YES;
				MACOSX_DEPLOYMENT_TARGET = 10.10;
				MTL_ENABLE_DEBUG_INFO = NO;
				SDKROOT = macosx;
			};
			name = Release;
		};
		D95820CB19F3163F006B6D08 /* Debug */ = {
			isa = XCBuildConfiguration;
			buildSettings = {
				ASSETCATALOG_COMPILER_APPICON_NAME = AppIcon;
				COMBINE_HIDPI_IMAGES = YES;
				INFOPLIST_FILE = "$(SRCROOT)/Service Oragnizer/Info.plist";
				LD_RUNPATH_SEARCH_PATHS = "$(inherited) @executable_path/../Frameworks";
				PRODUCT_NAME = "Service Oragnizer";
			};
			name = Debug;
		};
		D95820CC19F3163F006B6D08 /* Release */ = {
			isa = XCBuildConfiguration;
			buildSettings = {
				ASSETCATALOG_COMPILER_APPICON_NAME = AppIcon;
				COMBINE_HIDPI_IMAGES = YES;
				INFOPLIST_FILE = "$(SRCROOT)/Service Oragnizer/Info.plist";
				LD_RUNPATH_SEARCH_PATHS = "$(inherited) @executable_path/../Frameworks";
				PRODUCT_NAME = "Service Oragnizer";
			};
			name = Release;
		};
/* End XCBuildConfiguration section */

/* Begin XCConfigurationList section */
		D95820A919F3163E006B6D08 /* Build configuration list for PBXProject "Service Oragnizer" */ = {
			isa = XCConfigurationList;
			buildConfigurations = (
				D95820C819F3163F006B6D08 /* Debug */,
				D95820C919F3163F006B6D08 /* Release */,
			);
			defaultConfigurationIsVisible = 0;
			defaultConfigurationName = Release;
		};
		D95820CA19F3163F006B6D08 /* Build configuration list for PBXNativeTarget "Service Oragnizer" */ = {
			isa = XCConfigurationList;
			buildConfigurations = (
				D95820CB19F3163F006B6D08 /* Debug */,
				D95820CC19F3163F006B6D08 /* Release */,
			);
			defaultConfigurationIsVisible = 0;
			defaultConfigurationName = Release;
		};
/* End XCConfigurationList section */
	};
	rootObject = D95820A619F3163E006B6D08 /* Project object */;
}
